// !$*UTF8*$!
{
	archiveVersion = 1;
	classes = {
	};
	objectVersion = 48;
	objects = {

/* Begin PBXBuildFile section */
		DED6405920BA890B005E316F /* AppDelegate.swift in Sources */ = {isa = PBXBuildFile; fileRef = DED6405820BA890B005E316F /* AppDelegate.swift */; };
		DED6405B20BA890B005E316F /* ViewController.swift in Sources */ = {isa = PBXBuildFile; fileRef = DED6405A20BA890B005E316F /* ViewController.swift */; };
		DED6405E20BA890B005E316F /* Main.storyboard in Resources */ = {isa = PBXBuildFile; fileRef = DED6405C20BA890B005E316F /* Main.storyboard */; };
		DED6406020BA890B005E316F /* Assets.xcassets in Resources */ = {isa = PBXBuildFile; fileRef = DED6405F20BA890B005E316F /* Assets.xcassets */; };
		DED6406320BA890B005E316F /* LaunchScreen.storyboard in Resources */ = {isa = PBXBuildFile; fileRef = DED6406120BA890B005E316F /* LaunchScreen.storyboard */; };
		DED6406E20BA890B005E316F /* TableViewDemoTests.swift in Sources */ = {isa = PBXBuildFile; fileRef = DED6406D20BA890B005E316F /* TableViewDemoTests.swift */; };
		DED6407920BA890B005E316F /* TableViewDemoUITests.swift in Sources */ = {isa = PBXBuildFile; fileRef = DED6407820BA890B005E316F /* TableViewDemoUITests.swift */; };
/* End PBXBuildFile section */

/* Begin PBXContainerItemProxy section */
		DED6406A20BA890B005E316F /* PBXContainerItemProxy */ = {
			isa = PBXContainerItemProxy;
			containerPortal = DED6404D20BA890B005E316F /* Project object */;
			proxyType = 1;
			remoteGlobalIDString = DED6405420BA890B005E316F;
			remoteInfo = TableViewDemo;
		};
		DED6407520BA890B005E316F /* PBXContainerItemProxy */ = {
			isa = PBXContainerItemProxy;
			containerPortal = DED6404D20BA890B005E316F /* Project object */;
			proxyType = 1;
			remoteGlobalIDString = DED6405420BA890B005E316F;
			remoteInfo = TableViewDemo;
		};
/* End PBXContainerItemProxy section */

/* Begin PBXFileReference section */
		DED6405520BA890B005E316F /* TableViewDemo.app */ = {isa = PBXFileReference; explicitFileType = wrapper.application; includeInIndex = 0; path = TableViewDemo.app; sourceTree = BUILT_PRODUCTS_DIR; };
		DED6405820BA890B005E316F /* AppDelegate.swift */ = {isa = PBXFileReference; lastKnownFileType = sourcecode.swift; path = AppDelegate.swift; sourceTree = "<group>"; };
		DED6405A20BA890B005E316F /* ViewController.swift */ = {isa = PBXFileReference; lastKnownFileType = sourcecode.swift; path = ViewController.swift; sourceTree = "<group>"; };
		DED6405D20BA890B005E316F /* Base */ = {isa = PBXFileReference; lastKnownFileType = file.storyboard; name = Base; path = Base.lproj/Main.storyboard; sourceTree = "<group>"; };
		DED6405F20BA890B005E316F /* Assets.xcassets */ = {isa = PBXFileReference; lastKnownFileType = folder.assetcatalog; path = Assets.xcassets; sourceTree = "<group>"; };
		DED6406220BA890B005E316F /* Base */ = {isa = PBXFileReference; lastKnownFileType = file.storyboard; name = Base; path = Base.lproj/LaunchScreen.storyboard; sourceTree = "<group>"; };
		DED6406420BA890B005E316F /* Info.plist */ = {isa = PBXFileReference; lastKnownFileType = text.plist.xml; path = Info.plist; sourceTree = "<group>"; };
		DED6406920BA890B005E316F /* TableViewDemoTests.xctest */ = {isa = PBXFileReference; explicitFileType = wrapper.cfbundle; includeInIndex = 0; path = TableViewDemoTests.xctest; sourceTree = BUILT_PRODUCTS_DIR; };
		DED6406D20BA890B005E316F /* TableViewDemoTests.swift */ = {isa = PBXFileReference; lastKnownFileType = sourcecode.swift; path = TableViewDemoTests.swift; sourceTree = "<group>"; };
		DED6406F20BA890B005E316F /* Info.plist */ = {isa = PBXFileReference; lastKnownFileType = text.plist.xml; path = Info.plist; sourceTree = "<group>"; };
		DED6407420BA890B005E316F /* TableViewDemoUITests.xctest */ = {isa = PBXFileReference; explicitFileType = wrapper.cfbundle; includeInIndex = 0; path = TableViewDemoUITests.xctest; sourceTree = BUILT_PRODUCTS_DIR; };
		DED6407820BA890B005E316F /* TableViewDemoUITests.swift */ = {isa = PBXFileReference; lastKnownFileType = sourcecode.swift; path = TableViewDemoUITests.swift; sourceTree = "<group>"; };
		DED6407A20BA890B005E316F /* Info.plist */ = {isa = PBXFileReference; lastKnownFileType = text.plist.xml; path = Info.plist; sourceTree = "<group>"; };
/* End PBXFileReference section */

/* Begin PBXFrameworksBuildPhase section */
		DED6405220BA890B005E316F /* Frameworks */ = {
			isa = PBXFrameworksBuildPhase;
			buildActionMask = 2147483647;
			files = (
			);
			runOnlyForDeploymentPostprocessing = 0;
		};
		DED6406620BA890B005E316F /* Frameworks */ = {
			isa = PBXFrameworksBuildPhase;
			buildActionMask = 2147483647;
			files = (
			);
			runOnlyForDeploymentPostprocessing = 0;
		};
		DED6407120BA890B005E316F /* Frameworks */ = {
			isa = PBXFrameworksBuildPhase;
			buildActionMask = 2147483647;
			files = (
			);
			runOnlyForDeploymentPostprocessing = 0;
		};
/* End PBXFrameworksBuildPhase section */

/* Begin PBXGroup section */
		DED6404C20BA890B005E316F = {
			isa = PBXGroup;
			children = (
				DED6405720BA890B005E316F /* TableViewDemo */,
				DED6406C20BA890B005E316F /* TableViewDemoTests */,
				DED6407720BA890B005E316F /* TableViewDemoUITests */,
				DED6405620BA890B005E316F /* Products */,
			);
			sourceTree = "<group>";
		};
		DED6405620BA890B005E316F /* Products */ = {
			isa = PBXGroup;
			children = (
				DED6405520BA890B005E316F /* TableViewDemo.app */,
				DED6406920BA890B005E316F /* TableViewDemoTests.xctest */,
				DED6407420BA890B005E316F /* TableViewDemoUITests.xctest */,
			);
			name = Products;
			sourceTree = "<group>";
		};
		DED6405720BA890B005E316F /* TableViewDemo */ = {
			isa = PBXGroup;
			children = (
				DED6405820BA890B005E316F /* AppDelegate.swift */,
				DED6405A20BA890B005E316F /* ViewController.swift */,
				DED6405C20BA890B005E316F /* Main.storyboard */,
				DED6405F20BA890B005E316F /* Assets.xcassets */,
				DED6406120BA890B005E316F /* LaunchScreen.storyboard */,
				DED6406420BA890B005E316F /* Info.plist */,
			);
			path = TableViewDemo;
			sourceTree = "<group>";
		};
		DED6406C20BA890B005E316F /* TableViewDemoTests */ = {
			isa = PBXGroup;
			children = (
				DED6406D20BA890B005E316F /* TableViewDemoTests.swift */,
				DED6406F20BA890B005E316F /* Info.plist */,
			);
			path = TableViewDemoTests;
			sourceTree = "<group>";
		};
		DED6407720BA890B005E316F /* TableViewDemoUITests */ = {
			isa = PBXGroup;
			children = (
				DED6407820BA890B005E316F /* TableViewDemoUITests.swift */,
				DED6407A20BA890B005E316F /* Info.plist */,
			);
			path = TableViewDemoUITests;
			sourceTree = "<group>";
		};
/* End PBXGroup section */

/* Begin PBXNativeTarget section */
		DED6405420BA890B005E316F /* TableViewDemo */ = {
			isa = PBXNativeTarget;
			buildConfigurationList = DED6407D20BA890B005E316F /* Build configuration list for PBXNativeTarget "TableViewDemo" */;
			buildPhases = (
				DED6405120BA890B005E316F /* Sources */,
				DED6405220BA890B005E316F /* Frameworks */,
				DED6405320BA890B005E316F /* Resources */,
			);
			buildRules = (
			);
			dependencies = (
			);
			name = TableViewDemo;
			productName = TableViewDemo;
			productReference = DED6405520BA890B005E316F /* TableViewDemo.app */;
			productType = "com.apple.product-type.application";
		};
		DED6406820BA890B005E316F /* TableViewDemoTests */ = {
			isa = PBXNativeTarget;
			buildConfigurationList = DED6408020BA890B005E316F /* Build configuration list for PBXNativeTarget "TableViewDemoTests" */;
			buildPhases = (
				DED6406520BA890B005E316F /* Sources */,
				DED6406620BA890B005E316F /* Frameworks */,
				DED6406720BA890B005E316F /* Resources */,
			);
			buildRules = (
			);
			dependencies = (
				DED6406B20BA890B005E316F /* PBXTargetDependency */,
			);
			name = TableViewDemoTests;
			productName = TableViewDemoTests;
			productReference = DED6406920BA890B005E316F /* TableViewDemoTests.xctest */;
			productType = "com.apple.product-type.bundle.unit-test";
		};
		DED6407320BA890B005E316F /* TableViewDemoUITests */ = {
			isa = PBXNativeTarget;
			buildConfigurationList = DED6408320BA890B005E316F /* Build configuration list for PBXNativeTarget "TableViewDemoUITests" */;
			buildPhases = (
				DED6407020BA890B005E316F /* Sources */,
				DED6407120BA890B005E316F /* Frameworks */,
				DED6407220BA890B005E316F /* Resources */,
			);
			buildRules = (
			);
			dependencies = (
				DED6407620BA890B005E316F /* PBXTargetDependency */,
			);
			name = TableViewDemoUITests;
			productName = TableViewDemoUITests;
			productReference = DED6407420BA890B005E316F /* TableViewDemoUITests.xctest */;
			productType = "com.apple.product-type.bundle.ui-testing";
		};
/* End PBXNativeTarget section */

/* Begin PBXProject section */
		DED6404D20BA890B005E316F /* Project object */ = {
			isa = PBXProject;
			attributes = {
				LastSwiftUpdateCheck = 0920;
				LastUpgradeCheck = 0920;
				ORGANIZATIONNAME = "Yuvaraj Manickam ";
				TargetAttributes = {
					DED6405420BA890B005E316F = {
						CreatedOnToolsVersion = 9.2;
						ProvisioningStyle = Automatic;
					};
					DED6406820BA890B005E316F = {
						CreatedOnToolsVersion = 9.2;
						ProvisioningStyle = Automatic;
						TestTargetID = DED6405420BA890B005E316F;
					};
					DED6407320BA890B005E316F = {
						CreatedOnToolsVersion = 9.2;
						ProvisioningStyle = Automatic;
						TestTargetID = DED6405420BA890B005E316F;
					};
				};
			};
			buildConfigurationList = DED6405020BA890B005E316F /* Build configuration list for PBXProject "TableViewDemo" */;
			compatibilityVersion = "Xcode 8.0";
			developmentRegion = en;
			hasScannedForEncodings = 0;
			knownRegions = (
				en,
				Base,
			);
			mainGroup = DED6404C20BA890B005E316F;
			productRefGroup = DED6405620BA890B005E316F /* Products */;
			projectDirPath = "";
			projectRoot = "";
			targets = (
				DED6405420BA890B005E316F /* TableViewDemo */,
				DED6406820BA890B005E316F /* TableViewDemoTests */,
				DED6407320BA890B005E316F /* TableViewDemoUITests */,
			);
		};
/* End PBXProject section */

/* Begin PBXResourcesBuildPhase section */
		DED6405320BA890B005E316F /* Resources */ = {
			isa = PBXResourcesBuildPhase;
			buildActionMask = 2147483647;
			files = (
				DED6406320BA890B005E316F /* LaunchScreen.storyboard in Resources */,
				DED6406020BA890B005E316F /* Assets.xcassets in Resources */,
				DED6405E20BA890B005E316F /* Main.storyboard in Resources */,
			);
			runOnlyForDeploymentPostprocessing = 0;
		};
		DED6406720BA890B005E316F /* Resources */ = {
			isa = PBXResourcesBuildPhase;
			buildActionMask = 2147483647;
			files = (
			);
			runOnlyForDeploymentPostprocessing = 0;
		};
		DED6407220BA890B005E316F /* Resources */ = {
			isa = PBXResourcesBuildPhase;
			buildActionMask = 2147483647;
			files = (
			);
			runOnlyForDeploymentPostprocessing = 0;
		};
/* End PBXResourcesBuildPhase section */

/* Begin PBXSourcesBuildPhase section */
		DED6405120BA890B005E316F /* Sources */ = {
			isa = PBXSourcesBuildPhase;
			buildActionMask = 2147483647;
			files = (
				DED6405B20BA890B005E316F /* ViewController.swift in Sources */,
				DED6405920BA890B005E316F /* AppDelegate.swift in Sources */,
			);
			runOnlyForDeploymentPostprocessing = 0;
		};
		DED6406520BA890B005E316F /* Sources */ = {
			isa = PBXSourcesBuildPhase;
			buildActionMask = 2147483647;
			files = (
				DED6406E20BA890B005E316F /* TableViewDemoTests.swift in Sources */,
			);
			runOnlyForDeploymentPostprocessing = 0;
		};
		DED6407020BA890B005E316F /* Sources */ = {
			isa = PBXSourcesBuildPhase;
			buildActionMask = 2147483647;
			files = (
				DED6407920BA890B005E316F /* TableViewDemoUITests.swift in Sources */,
			);
			runOnlyForDeploymentPostprocessing = 0;
		};
/* End PBXSourcesBuildPhase section */

/* Begin PBXTargetDependency section */
		DED6406B20BA890B005E316F /* PBXTargetDependency */ = {
			isa = PBXTargetDependency;
			target = DED6405420BA890B005E316F /* TableViewDemo */;
			targetProxy = DED6406A20BA890B005E316F /* PBXContainerItemProxy */;
		};
		DED6407620BA890B005E316F /* PBXTargetDependency */ = {
			isa = PBXTargetDependency;
			target = DED6405420BA890B005E316F /* TableViewDemo */;
			targetProxy = DED6407520BA890B005E316F /* PBXContainerItemProxy */;
		};
/* End PBXTargetDependency section */

/* Begin PBXVariantGroup section */
		DED6405C20BA890B005E316F /* Main.storyboard */ = {
			isa = PBXVariantGroup;
			children = (
				DED6405D20BA890B005E316F /* Base */,
			);
			name = Main.storyboard;
			sourceTree = "<group>";
		};
		DED6406120BA890B005E316F /* LaunchScreen.storyboard */ = {
			isa = PBXVariantGroup;
			children = (
				DED6406220BA890B005E316F /* Base */,
			);
			name = LaunchScreen.storyboard;
			sourceTree = "<group>";
		};
/* End PBXVariantGroup section */

/* Begin XCBuildConfiguration section */
		DED6407B20BA890B005E316F /* Debug */ = {
			isa = XCBuildConfiguration;
			buildSettings = {
				ALWAYS_SEARCH_USER_PATHS = NO;
				CLANG_ANALYZER_NONNULL = YES;
				CLANG_ANALYZER_NUMBER_OBJECT_CONVERSION = YES_AGGRESSIVE;
				CLANG_CXX_LANGUAGE_STANDARD = "gnu++14";
				CLANG_CXX_LIBRARY = "libc++";
				CLANG_ENABLE_MODULES = YES;
				CLANG_ENABLE_OBJC_ARC = YES;
				CLANG_WARN_BLOCK_CAPTURE_AUTORELEASING = YES;
				CLANG_WARN_BOOL_CONVERSION = YES;
				CLANG_WARN_COMMA = YES;
				CLANG_WARN_CONSTANT_CONVERSION = YES;
				CLANG_WARN_DIRECT_OBJC_ISA_USAGE = YES_ERROR;
				CLANG_WARN_DOCUMENTATION_COMMENTS = YES;
				CLANG_WARN_EMPTY_BODY = YES;
				CLANG_WARN_ENUM_CONVERSION = YES;
				CLANG_WARN_INFINITE_RECURSION = YES;
				CLANG_WARN_INT_CONVERSION = YES;
				CLANG_WARN_NON_LITERAL_NULL_CONVERSION = YES;
				CLANG_WARN_OBJC_LITERAL_CONVERSION = YES;
				CLANG_WARN_OBJC_ROOT_CLASS = YES_ERROR;
				CLANG_WARN_RANGE_LOOP_ANALYSIS = YES;
				CLANG_WARN_STRICT_PROTOTYPES = YES;
				CLANG_WARN_SUSPICIOUS_MOVE = YES;
				CLANG_WARN_UNGUARDED_AVAILABILITY = YES_AGGRESSIVE;
				CLANG_WARN_UNREACHABLE_CODE = YES;
				CLANG_WARN__DUPLICATE_METHOD_MATCH = YES;
				CODE_SIGN_IDENTITY = "iPhone Developer";
				COPY_PHASE_STRIP = NO;
				DEBUG_INFORMATION_FORMAT = dwarf;
				ENABLE_STRICT_OBJC_MSGSEND = YES;
				ENABLE_TESTABILITY = YES;
				GCC_C_LANGUAGE_STANDARD = gnu11;
				GCC_DYNAMIC_NO_PIC = NO;
				GCC_NO_COMMON_BLOCKS = YES;
				GCC_OPTIMIZATION_LEVEL = 0;
				GCC_PREPROCESSOR_DEFINITIONS = (
					"DEBUG=1",
					"$(inherited)",
				);
				GCC_WARN_64_TO_32_BIT_CONVERSION = YES;
				GCC_WARN_ABOUT_RETURN_TYPE = YES_ERROR;
				GCC_WARN_UNDECLARED_SELECTOR = YES;
				GCC_WARN_UNINITIALIZED_AUTOS = YES_AGGRESSIVE;
				GCC_WARN_UNUSED_FUNCTION = YES;
				GCC_WARN_UNUSED_VARIABLE = YES;
				IPHONEOS_DEPLOYMENT_TARGET = 11.2;
				MTL_ENABLE_DEBUG_INFO = YES;
				ONLY_ACTIVE_ARCH = YES;
				SDKROOT = iphoneos;
				SWIFT_ACTIVE_COMPILATION_CONDITIONS = DEBUG;
				SWIFT_OPTIMIZATION_LEVEL = "-Onone";
			};
			name = Debug;
		};
		DED6407C20BA890B005E316F /* Release */ = {
			isa = XCBuildConfiguration;
			buildSettings = {
				ALWAYS_SEARCH_USER_PATHS = NO;
				CLANG_ANALYZER_NONNULL = YES;
				CLANG_ANALYZER_NUMBER_OBJECT_CONVERSION = YES_AGGRESSIVE;
				CLANG_CXX_LANGUAGE_STANDARD = "gnu++14";
				CLANG_CXX_LIBRARY = "libc++";
				CLANG_ENABLE_MODULES = YES;
				CLANG_ENABLE_OBJC_ARC = YES;
				CLANG_WARN_BLOCK_CAPTURE_AUTORELEASING = YES;
				CLANG_WARN_BOOL_CONVERSION = YES;
				CLANG_WARN_COMMA = YES;
				CLANG_WARN_CONSTANT_CONVERSION = YES;
				CLANG_WARN_DIRECT_OBJC_ISA_USAGE = YES_ERROR;
				CLANG_WARN_DOCUMENTATION_COMMENTS = YES;
				CLANG_WARN_EMPTY_BODY = YES;
				CLANG_WARN_ENUM_CONVERSION = YES;
				CLANG_WARN_INFINITE_RECURSION = YES;
				CLANG_WARN_INT_CONVERSION = YES;
				CLANG_WARN_NON_LITERAL_NULL_CONVERSION = YES;
				CLANG_WARN_OBJC_LITERAL_CONVERSION = YES;
				CLANG_WARN_OBJC_ROOT_CLASS = YES_ERROR;
				CLANG_WARN_RANGE_LOOP_ANALYSIS = YES;
				CLANG_WARN_STRICT_PROTOTYPES = YES;
				CLANG_WARN_SUSPICIOUS_MOVE = YES;
				CLANG_WARN_UNGUARDED_AVAILABILITY = YES_AGGRESSIVE;
				CLANG_WARN_UNREACHABLE_CODE = YES;
				CLANG_WARN__DUPLICATE_METHOD_MATCH = YES;
				CODE_SIGN_IDENTITY = "iPhone Developer";
				COPY_PHASE_STRIP = NO;
				DEBUG_INFORMATION_FORMAT = "dwarf-with-dsym";
				ENABLE_NS_ASSERTIONS = NO;
				ENABLE_STRICT_OBJC_MSGSEND = YES;
				GCC_C_LANGUAGE_STANDARD = gnu11;
				GCC_NO_COMMON_BLOCKS = YES;
				GCC_WARN_64_TO_32_BIT_CONVERSION = YES;
				GCC_WARN_ABOUT_RETURN_TYPE = YES_ERROR;
				GCC_WARN_UNDECLARED_SELECTOR = YES;
				GCC_WARN_UNINITIALIZED_AUTOS = YES_AGGRESSIVE;
				GCC_WARN_UNUSED_FUNCTION = YES;
				GCC_WARN_UNUSED_VARIABLE = YES;
				IPHONEOS_DEPLOYMENT_TARGET = 11.2;
				MTL_ENABLE_DEBUG_INFO = NO;
				SDKROOT = iphoneos;
				SWIFT_OPTIMIZATION_LEVEL = "-Owholemodule";
				VALIDATE_PRODUCT = YES;
			};
			name = Release;
		};
		DED6407E20BA890B005E316F /* Debug */ = {
			isa = XCBuildConfiguration;
			buildSettings = {
				ASSETCATALOG_COMPILER_APPICON_NAME = AppIcon;
				CODE_SIGN_STYLE = Automatic;
				INFOPLIST_FILE = TableViewDemo/Info.plist;
				LD_RUNPATH_SEARCH_PATHS = "$(inherited) @executable_path/Frameworks";
				PRODUCT_BUNDLE_IDENTIFIER = YM.TableViewDemo;
				PRODUCT_NAME = "$(TARGET_NAME)";
				SWIFT_VERSION = 4.0;
				TARGETED_DEVICE_FAMILY = "1,2";
			};
			name = Debug;
		};
		DED6407F20BA890B005E316F /* Release */ = {
			isa = XCBuildConfiguration;
			buildSettings = {
				ASSETCATALOG_COMPILER_APPICON_NAME = AppIcon;
				CODE_SIGN_STYLE = Automatic;
				INFOPLIST_FILE = TableViewDemo/Info.plist;
				LD_RUNPATH_SEARCH_PATHS = "$(inherited) @executable_path/Frameworks";
				PRODUCT_BUNDLE_IDENTIFIER = YM.TableViewDemo;
				PRODUCT_NAME = "$(TARGET_NAME)";
				SWIFT_VERSION = 4.0;
				TARGETED_DEVICE_FAMILY = "1,2";
			};
			name = Release;
		};
		DED6408120BA890B005E316F /* Debug */ = {
			isa = XCBuildConfiguration;
			buildSettings = {
				ALWAYS_EMBED_SWIFT_STANDARD_LIBRARIES = YES;
				BUNDLE_LOADER = "$(TEST_HOST)";
				CODE_SIGN_STYLE = Automatic;
				INFOPLIST_FILE = TableViewDemoTests/Info.plist;
				LD_RUNPATH_SEARCH_PATHS = "$(inherited) @executable_path/Frameworks @loader_path/Frameworks";
				PRODUCT_BUNDLE_IDENTIFIER = YM.TableViewDemoTests;
				PRODUCT_NAME = "$(TARGET_NAME)";
				SWIFT_VERSION = 4.0;
				TARGETED_DEVICE_FAMILY = "1,2";
				TEST_HOST = "$(BUILT_PRODUCTS_DIR)/TableViewDemo.app/TableViewDemo";
			};
			name = Debug;
		};
		DED6408220BA890B005E316F /* Release */ = {
			isa = XCBuildConfiguration;
			buildSettings = {
				ALWAYS_EMBED_SWIFT_STANDARD_LIBRARIES = YES;
				BUNDLE_LOADER = "$(TEST_HOST)";
				CODE_SIGN_STYLE = Automatic;
				INFOPLIST_FILE = TableViewDemoTests/Info.plist;
				LD_RUNPATH_SEARCH_PATHS = "$(inherited) @executable_path/Frameworks @loader_path/Frameworks";
				PRODUCT_BUNDLE_IDENTIFIER = YM.TableViewDemoTests;
				PRODUCT_NAME = "$(TARGET_NAME)";
				SWIFT_VERSION = 4.0;
				TARGETED_DEVICE_FAMILY = "1,2";
				TEST_HOST = "$(BUILT_PRODUCTS_DIR)/TableViewDemo.app/TableViewDemo";
			};
			name = Release;
		};
		DED6408420BA890B005E316F /* Debug */ = {
			isa = XCBuildConfiguration;
			buildSettings = {
				ALWAYS_EMBED_SWIFT_STANDARD_LIBRARIES = YES;
				CODE_SIGN_STYLE = Automatic;
				INFOPLIST_FILE = TableViewDemoUITests/Info.plist;
				LD_RUNPATH_SEARCH_PATHS = "$(inherited) @executable_path/Frameworks @loader_path/Frameworks";
				PRODUCT_BUNDLE_IDENTIFIER = YM.TableViewDemoUITests;
				PRODUCT_NAME = "$(TARGET_NAME)";
				SWIFT_VERSION = 4.0;
				TARGETED_DEVICE_FAMILY = "1,2";
				TEST_TARGET_NAME = TableViewDemo;
			};
			name = Debug;
		};
		DED6408520BA890B005E316F /* Release */ = {
			isa = XCBuildConfiguration;
			buildSettings = {
				ALWAYS_EMBED_SWIFT_STANDARD_LIBRARIES = YES;
				CODE_SIGN_STYLE = Automatic;
				INFOPLIST_FILE = TableViewDemoUITests/Info.plist;
				LD_RUNPATH_SEARCH_PATHS = "$(inherited) @executable_path/Frameworks @loader_path/Frameworks";
				PRODUCT_BUNDLE_IDENTIFIER = YM.TableViewDemoUITests;
				PRODUCT_NAME = "$(TARGET_NAME)";
				SWIFT_VERSION = 4.0;
				TARGETED_DEVICE_FAMILY = "1,2";
				TEST_TARGET_NAME = TableViewDemo;
			};
			name = Release;
		};
/* End XCBuildConfiguration section */

/* Begin XCConfigurationList section */
		DED6405020BA890B005E316F /* Build configuration list for PBXProject "TableViewDemo" */ = {
			isa = XCConfigurationList;
			buildConfigurations = (
				DED6407B20BA890B005E316F /* Debug */,
				DED6407C20BA890B005E316F /* Release */,
			);
			defaultConfigurationIsVisible = 0;
			defaultConfigurationName = Release;
		};
		DED6407D20BA890B005E316F /* Build configuration list for PBXNativeTarget "TableViewDemo" */ = {
			isa = XCConfigurationList;
			buildConfigurations = (
				DED6407E20BA890B005E316F /* Debug */,
				DED6407F20BA890B005E316F /* Release */,
			);
			defaultConfigurationIsVisible = 0;
			defaultConfigurationName = Release;
		};
		DED6408020BA890B005E316F /* Build configuration list for PBXNativeTarget "TableViewDemoTests" */ = {
			isa = XCConfigurationList;
			buildConfigurations = (
				DED6408120BA890B005E316F /* Debug */,
				DED6408220BA890B005E316F /* Release */,
			);
			defaultConfigurationIsVisible = 0;
			defaultConfigurationName = Release;
		};
		DED6408320BA890B005E316F /* Build configuration list for PBXNativeTarget "TableViewDemoUITests" */ = {
			isa = XCConfigurationList;
			buildConfigurations = (
				DED6408420BA890B005E316F /* Debug */,
				DED6408520BA890B005E316F /* Release */,
			);
			defaultConfigurationIsVisible = 0;
			defaultConfigurationName = Release;
		};
/* End XCConfigurationList section */
	};
	rootObject = DED6404D20BA890B005E316F /* Project object */;
}
